{
    "_readme": [
        "This file locks the dependencies of your project to a known state",
        "Read more about it at https://getcomposer.org/doc/01-basic-usage.md#installing-dependencies",
        "This file is @generated automatically"
    ],
    "content-hash": "3607194100d6f07e79a6cf21cb37ba8f",
    "packages": [
        {
            "name": "jjgrainger/posttypes",
            "version": "v2.2",
            "source": {
                "type": "git",
                "url": "https://github.com/jjgrainger/PostTypes.git",
                "reference": "20f5a203316783a71ddfcd047ffebf1dc2bacb51"
            },
            "dist": {
                "type": "zip",
                "url": "https://api.github.com/repos/jjgrainger/PostTypes/zipball/20f5a203316783a71ddfcd047ffebf1dc2bacb51",
                "reference": "20f5a203316783a71ddfcd047ffebf1dc2bacb51",
                "shasum": ""
            },
            "require": {
                "php": ">=7.2"
            },
            "require-dev": {
                "phpunit/phpunit": "8.*",
                "squizlabs/php_codesniffer": "3.*"
            },
            "type": "library",
            "autoload": {
                "psr-4": {
                    "PostTypes\\": "src/"
                }
            },
            "notification-url": "https://packagist.org/downloads/",
            "license": [
                "MIT"
            ],
            "authors": [
                {
                    "name": "Joe Grainger",
                    "homepage": "https://jjgrainger.co.uk"
                }
            ],
            "description": "Simple WordPress custom post types.",
            "homepage": "https://posttypes.jjgrainger.co.uk",
            "keywords": [
                "post-types",
                "wordpress"
            ],
            "support": {
                "issues": "https://github.com/jjgrainger/posttypes/issues",
                "source": "https://github.com/jjgrainger/posttypes"
            },
            "time": "2022-05-21T14:15:12+00:00"
        },
        {
            "name": "open-function-computers-llc/rad-theme-engine",
            "version": "v1.0.24",
            "source": {
                "type": "git",
                "url": "https://github.com/open-function-computers-llc/rad-theme-engine.git",
                "reference": "261ce678775f3d0c34c39ca52a629d9956459508"
            },
            "dist": {
                "type": "zip",
                "url": "https://api.github.com/repos/open-function-computers-llc/rad-theme-engine/zipball/261ce678775f3d0c34c39ca52a629d9956459508",
                "reference": "261ce678775f3d0c34c39ca52a629d9956459508",
                "shasum": ""
            },
            "require": {
                "jjgrainger/posttypes": "^2.1",
                "php": ">=7.4",
                "salesforce/handlebars-php": "^2.3"
            },
            "require-dev": {
                "phpunit/phpunit": "^9.5"
            },
            "type": "library",
            "autoload": {
                "psr-4": {
                    "ofc\\": "src/"
                }
            },
            "notification-url": "https://packagist.org/downloads/",
            "license": [
                "MIT"
            ],
            "description": "A suite of classes to make WordPress theme development cleaner",
            "keywords": [
                "handlebars",
                "theme",
                "wordpress"
            ],
            "support": {
                "issues": "https://github.com/open-function-computers-llc/rad-theme-engine/issues",
                "source": "https://github.com/open-function-computers-llc/rad-theme-engine/tree/v1.0.24"
            },
            "time": "2022-09-20T21:49:14+00:00"
        },
        {
            "name": "salesforce/handlebars-php",
            "version": "2.3.0",
            "source": {
                "type": "git",
                "url": "https://github.com/salesforce/handlebars-php.git",
                "reference": "59fc47c7b2701659cb483d0f3461c4f712693b2b"
            },
            "dist": {
                "type": "zip",
                "url": "https://api.github.com/repos/salesforce/handlebars-php/zipball/59fc47c7b2701659cb483d0f3461c4f712693b2b",
                "reference": "59fc47c7b2701659cb483d0f3461c4f712693b2b",
                "shasum": ""
            },
            "require": {
                "php": ">=5.4.0"
            },
            "require-dev": {
                "phpunit/phpunit": "^4"
            },
            "type": "library",
            "autoload": {
                "psr-0": {
                    "Handlebars": "src/"
                }
            },
            "notification-url": "https://packagist.org/downloads/",
            "license": [
                "MIT"
            ],
            "authors": [
                {
                    "name": "fzerorubigd",
                    "email": "fzerorubigd@gmail.com"
                },
                {
                    "name": "Behrooz Shabani (everplays)",
                    "email": "everplays@gmail.com"
                },
                {
                    "name": "Mardix",
                    "homepage": "https://github.com/mardix"
                }
            ],
            "description": "Handlebars processor for php",
            "homepage": "http://www.github.com/salesforce/handlebars-php",
            "keywords": [
                "handlebars",
                "mustache",
                "templating"
            ],
            "support": {
                "issues": "https://github.com/salesforce/handlebars-php/issues",
                "source": "https://github.com/salesforce/handlebars-php/tree/2.3.0"
            },
            "time": "2020-06-08T17:23:52+00:00"
        }
    ],
    "packages-dev": [],
    "aliases": [],
    "minimum-stability": "stable",
    "stability-flags": [],
    "prefer-stable": false,
    "prefer-lowest": false,
    "platform": [],
    "platform-dev": [],
    "plugin-api-version": "2.2.0"
}
